
Microsoft Visual Studio Solution File, Format Version 12.00
# Visual Studio Version 16
VisualStudioVersion = 16.0.32901.82
MinimumVisualStudioVersion = 10.0.40219.1
Project("{FAE04EC0-301F-11D3-BF4B-00C04F79EFBC}") = "XamDataGrid_Multiline", "XamDataGrid_Multiline\XamDataGrid_Multiline.csproj", "{5D63FE38-EB6D-482A-AD91-EB86A33A5B4A}"
EndProject
Global
	GlobalSection(SolutionConfigurationPlatforms) = preSolution
		Debug|Any CPU = Debug|Any CPU
		Release|Any CPU = Release|Any CPU
	EndGlobalSection
	GlobalSection(ProjectConfigurationPlatforms) = postSolution
		{5D63FE38-EB6D-482A-AD91-EB86A33A5B4A}.Debug|Any CPU.ActiveCfg = Debug|Any CPU
		{5D63FE38-EB6D-482A-AD91-EB86A33A5B4A}.Debug|Any CPU.Build.0 = Debug|Any CPU
		{5D63FE38-EB6D-482A-AD91-EB86A33A5B4A}.Release|Any CPU.ActiveCfg = Release|Any CPU
		{5D63FE38-EB6D-482A-AD91-EB86A33A5B4A}.Release|Any CPU.Build.0 = Release|Any CPU
	EndGlobalSection
	GlobalSection(SolutionProperties) = preSolution
		HideSolutionNode = FALSE
	EndGlobalSection
	GlobalSection(ExtensibilityGlobals) = postSolution
		SolutionGuid = {A7AA7855-2F40-4DF9-9DAD-ACD6A23B15F7}
	EndGlobalSection
EndGlobal
